{
  "name": "plemocjk-ttc",
  "version": "0.1.0",
  "lockfileVersion": 3,
  "requires": true,
  "packages": {
    "": {
      "name": "plemocjk-ttc",
      "version": "0.1.0",
      "dependencies": {
        "otb-ttc-bundle": "1.8.1"
      }
    },
    "node_modules/@ot-builder/bin-composite-types": {
      "version": "1.8.1",
      "resolved": "https://registry.npmjs.org/@ot-builder/bin-composite-types/-/bin-composite-types-1.8.1.tgz",
      "integrity": "sha512-AGiPcipJ9ozIeN/Vel212aTO1rbM/k9SOY3U+BVYxF1W7uoUApjtP8cSCbNsMQ7AhxERy7Ti26UU8S7eayTV9Q==",
      "dependencies": {
        "@ot-builder/bin-util": "1.8.1",
        "@ot-builder/errors": "1.8.1",
        "@ot-builder/prelude": "1.8.1",
        "tslib": "^2.8.1"
      }
    },
    "node_modules/@ot-builder/bin-util": {
      "version": "1.8.1",
      "resolved": "https://registry.npmjs.org/@ot-builder/bin-util/-/bin-util-1.8.1.tgz",
      "integrity": "sha512-q0iUo4BtJ/FO6vw9fYXmucO0vKpPy+yecRGGobo8psHBaOGT/34Sdw8e6TerLXWQdrSvqHhi+MUCHumGmfVfJQ==",
      "dependencies": {
        "@ot-builder/common-impl": "1.8.1",
        "@ot-builder/errors": "1.8.1",
        "@ot-builder/prelude": "1.8.1",
        "tslib": "^2.8.1"
      }
    },
    "node_modules/@ot-builder/cli-help-shower": {
      "version": "1.8.1",
      "resolved": "https://registry.npmjs.org/@ot-builder/cli-help-shower/-/cli-help-shower-1.8.1.tgz",
      "integrity": "sha512-/fL+NTgx3Gp7/1MaiAyWncO99BUxIhRJTk9xfhVRvGs359WSdksxk+D23XTQoVRwhfAPWZNifSM9s1GKb3g1KQ==",
      "dependencies": {
        "picocolors": "^1.1.1",
        "tslib": "^2.8.1"
      }
    },
    "node_modules/@ot-builder/cli-proc": {
      "version": "1.8.1",
      "resolved": "https://registry.npmjs.org/@ot-builder/cli-proc/-/cli-proc-1.8.1.tgz",
      "integrity": "sha512-4HRtfSlN+jQpCNvn/y1Pcld/5Jz+g477JbrBeETVNXblxVgmmwWzTJnjAo1pbDBJplJFqWAYMSiPEkgmtLspCQ==",
      "dependencies": {
        "@ot-builder/common-impl": "1.8.1",
        "@ot-builder/io-bin-font": "1.8.1",
        "@ot-builder/ot": "1.8.1",
        "@ot-builder/prelude": "1.8.1",
        "@ot-builder/primitive": "1.8.1",
        "@ot-builder/rectify": "1.8.1",
        "@ot-builder/trace": "1.8.1",
        "tslib": "^2.8.1"
      }
    },
    "node_modules/@ot-builder/cli-shared": {
      "version": "1.8.1",
      "resolved": "https://registry.npmjs.org/@ot-builder/cli-shared/-/cli-shared-1.8.1.tgz",
      "integrity": "sha512-eTmLdW3YSBLONIs7o4NLZULcgJltGeyCV4/9PyJRCwfqxNGx8sDZ0M3WpjsYA7zVg1aNkevLn2rdyFhifkDoTA==",
      "dependencies": {
        "@ot-builder/io-bin-font": "1.8.1",
        "@ot-builder/ot": "1.8.1",
        "tslib": "^2.8.1"
      }
    },
    "node_modules/@ot-builder/common-impl": {
      "version": "1.8.1",
      "resolved": "https://registry.npmjs.org/@ot-builder/common-impl/-/common-impl-1.8.1.tgz",
      "integrity": "sha512-qpPaKkEwNDt7L71bjJMA/BlgYszHtIwk90UkSRaRzKLTrQff798dOOp7V8UCQi8VJ3yxyghpZfPbubeg1yL2+Q==",
      "dependencies": {
        "@ot-builder/prelude": "1.8.1",
        "tslib": "^2.8.1"
      }
    },
    "node_modules/@ot-builder/errors": {
      "version": "1.8.1",
      "resolved": "https://registry.npmjs.org/@ot-builder/errors/-/errors-1.8.1.tgz",
      "integrity": "sha512-OYe9Y35dNnI8Qd2cylo/EFF9QPT8r/soOZqPRuAJVj02SSsjInDB4BmuLy5YbMekJjFWHN4+JqUJFo0Wfqasuw==",
      "dependencies": {
        "tslib": "^2.8.1"
      }
    },
    "node_modules/@ot-builder/io-bin-cff": {
      "version": "1.8.1",
      "resolved": "https://registry.npmjs.org/@ot-builder/io-bin-cff/-/io-bin-cff-1.8.1.tgz",
      "integrity": "sha512-YfEbMIHq++g8ZCQtY0mWM9mla5FeLtFV3qZksHB3CWdUVaiqfUjV+IGuF+XIDVYWsAzjsfQvirnDj81zMKT2QQ==",
      "dependencies": {
        "@ot-builder/bin-composite-types": "1.8.1",
        "@ot-builder/bin-util": "1.8.1",
        "@ot-builder/common-impl": "1.8.1",
        "@ot-builder/errors": "1.8.1",
        "@ot-builder/ot-glyphs": "1.8.1",
        "@ot-builder/ot-metadata": "1.8.1",
        "@ot-builder/prelude": "1.8.1",
        "@ot-builder/primitive": "1.8.1",
        "@ot-builder/stat-glyphs": "1.8.1",
        "@ot-builder/var-store": "1.8.1",
        "@ot-builder/variance": "1.8.1",
        "tslib": "^2.8.1"
      }
    },
    "node_modules/@ot-builder/io-bin-encoding": {
      "version": "1.8.1",
      "resolved": "https://registry.npmjs.org/@ot-builder/io-bin-encoding/-/io-bin-encoding-1.8.1.tgz",
      "integrity": "sha512-dLIPpZiYd8ZiC79yRz5IOhAV+Z5BNrtOb7vMli0BD7B5IQv54euo41ZL7IiXATfgZSSfUCQ/x13FyTFZgMOp3A==",
      "dependencies": {
        "@ot-builder/bin-util": "1.8.1",
        "@ot-builder/errors": "1.8.1",
        "@ot-builder/io-bin-sfnt": "1.8.1",
        "@ot-builder/ot-encoding": "1.8.1",
        "@ot-builder/ot-glyphs": "1.8.1",
        "@ot-builder/ot-metadata": "1.8.1",
        "@ot-builder/ot-sfnt": "1.8.1",
        "@ot-builder/prelude": "1.8.1",
        "@ot-builder/primitive": "1.8.1",
        "tslib": "^2.8.1"
      }
    },
    "node_modules/@ot-builder/io-bin-ext-private": {
      "version": "1.8.1",
      "resolved": "https://registry.npmjs.org/@ot-builder/io-bin-ext-private/-/io-bin-ext-private-1.8.1.tgz",
      "integrity": "sha512-9aOtHatoUAIMG50Xa+QmY2L35jVpY1ZX4Y/dFgeQCGD7Jo1ogUwTtA1Yvj1cY6cY8EpOMUNKTlYoZ59kIBOpXw==",
      "dependencies": {
        "@ot-builder/bin-util": "1.8.1",
        "@ot-builder/errors": "1.8.1",
        "@ot-builder/io-bin-sfnt": "1.8.1",
        "@ot-builder/ot-ext-private": "1.8.1",
        "@ot-builder/ot-glyphs": "1.8.1",
        "@ot-builder/ot-metadata": "1.8.1",
        "@ot-builder/ot-sfnt": "1.8.1",
        "@ot-builder/prelude": "1.8.1",
        "@ot-builder/primitive": "1.8.1",
        "tslib": "^2.8.1"
      }
    },
    "node_modules/@ot-builder/io-bin-font": {
      "version": "1.8.1",
      "resolved": "https://registry.npmjs.org/@ot-builder/io-bin-font/-/io-bin-font-1.8.1.tgz",
      "integrity": "sha512-uC/UBNOf9d5NDIlLZ/VA57DCrgbtoZEAjGvLtLbSBA9XVomIXQ8oWVJON1R4laHJhYOCC5vW8XooMbGHP9j+jg==",
      "dependencies": {
        "@ot-builder/bin-util": "1.8.1",
        "@ot-builder/io-bin-encoding": "1.8.1",
        "@ot-builder/io-bin-ext-private": "1.8.1",
        "@ot-builder/io-bin-glyph-store": "1.9.1",
        "@ot-builder/io-bin-layout": "1.8.1",
        "@ot-builder/io-bin-metadata": "1.8.1",
        "@ot-builder/io-bin-name": "1.8.1",
        "@ot-builder/io-bin-sfnt": "1.8.1",
        "@ot-builder/io-bin-vtt-private": "1.8.1",
        "@ot-builder/ot": "1.8.1",
        "@ot-builder/ot-encoding": "1.8.1",
        "@ot-builder/ot-ext-private": "1.8.1",
        "@ot-builder/ot-glyphs": "1.8.1",
        "@ot-builder/ot-layout": "1.8.1",
        "@ot-builder/ot-metadata": "1.8.1",
        "@ot-builder/ot-name": "1.8.1",
        "@ot-builder/ot-sfnt": "1.8.1",
        "@ot-builder/ot-vtt-private": "1.8.1",
        "@ot-builder/prelude": "1.8.1",
        "tslib": "^2.8.1"
      }
    },
    "node_modules/@ot-builder/io-bin-glyph-store": {
      "version": "1.9.1",
      "resolved": "https://registry.npmjs.org/@ot-builder/io-bin-glyph-store/-/io-bin-glyph-store-1.9.1.tgz",
      "integrity": "sha512-+cmnhBH1ltI+8IIW6y/eZ5CcMJYXi7bl//mQ5oFqjHb18Jv8TJ4kL6r6iMhdtc/Prw76ve2aY0NM+xf3jkrKDQ==",
      "dependencies": {
        "@ot-builder/bin-util": "1.8.1",
        "@ot-builder/common-impl": "1.8.1",
        "@ot-builder/errors": "1.8.1",
        "@ot-builder/io-bin-cff": "1.8.1",
        "@ot-builder/io-bin-metric": "1.8.1",
        "@ot-builder/io-bin-sfnt": "1.8.1",
        "@ot-builder/io-bin-ttf": "1.9.1",
        "@ot-builder/ot-glyphs": "1.8.1",
        "@ot-builder/ot-metadata": "1.8.1",
        "@ot-builder/ot-sfnt": "1.8.1",
        "@ot-builder/prelude": "1.8.1",
        "@ot-builder/primitive": "1.8.1",
        "@ot-builder/stat-glyphs": "1.8.1",
        "@ot-builder/var-store": "1.8.1",
        "@ot-builder/variance": "1.8.1",
        "tslib": "^2.8.1"
      }
    },
    "node_modules/@ot-builder/io-bin-layout": {
      "version": "1.8.1",
      "resolved": "https://registry.npmjs.org/@ot-builder/io-bin-layout/-/io-bin-layout-1.8.1.tgz",
      "integrity": "sha512-ds+wXdVLaJl1psWErcQfn1IHx8MtoZjEQL8sqOwfzsIMVMNdjh+lHSNwyIiP3xU5emc+hZpHGejX2b7BlrSs4A==",
      "dependencies": {
        "@ot-builder/bin-composite-types": "1.8.1",
        "@ot-builder/bin-util": "1.8.1",
        "@ot-builder/common-impl": "1.8.1",
        "@ot-builder/errors": "1.8.1",
        "@ot-builder/io-bin-sfnt": "1.8.1",
        "@ot-builder/ot-glyphs": "1.8.1",
        "@ot-builder/ot-layout": "1.8.1",
        "@ot-builder/ot-metadata": "1.8.1",
        "@ot-builder/ot-sfnt": "1.8.1",
        "@ot-builder/prelude": "1.8.1",
        "@ot-builder/primitive": "1.8.1",
        "@ot-builder/var-store": "1.8.1",
        "@ot-builder/variance": "1.8.1",
        "tslib": "^2.8.1"
      }
    },
    "node_modules/@ot-builder/io-bin-metadata": {
      "version": "1.8.1",
      "resolved": "https://registry.npmjs.org/@ot-builder/io-bin-metadata/-/io-bin-metadata-1.8.1.tgz",
      "integrity": "sha512-vCpy+yXQoWXBiAch+HL6gHdbhOn2sMT+RxxdhtPA0L7gGBtKxUlCJL2BPV3h65VImimqrpZ7tZ3M/2mfguDfhA==",
      "dependencies": {
        "@ot-builder/bin-composite-types": "1.8.1",
        "@ot-builder/bin-util": "1.8.1",
        "@ot-builder/common-impl": "1.8.1",
        "@ot-builder/errors": "1.8.1",
        "@ot-builder/io-bin-sfnt": "1.8.1",
        "@ot-builder/ot-metadata": "1.8.1",
        "@ot-builder/ot-sfnt": "1.8.1",
        "@ot-builder/prelude": "1.8.1",
        "@ot-builder/primitive": "1.8.1",
        "@ot-builder/var-store": "1.8.1",
        "@ot-builder/variance": "1.8.1",
        "tslib": "^2.8.1"
      }
    },
    "node_modules/@ot-builder/io-bin-metric": {
      "version": "1.8.1",
      "resolved": "https://registry.npmjs.org/@ot-builder/io-bin-metric/-/io-bin-metric-1.8.1.tgz",
      "integrity": "sha512-PbdH55a84Bi+u+BJEfySssXz86Uyamg9AOzaKtg3K6vVEG5kEBfVe8clz2ybsO3aUU8y7QwvoKoBPxKqP0CDig==",
      "dependencies": {
        "@ot-builder/bin-util": "1.8.1",
        "@ot-builder/common-impl": "1.8.1",
        "@ot-builder/errors": "1.8.1",
        "@ot-builder/ot-glyphs": "1.8.1",
        "@ot-builder/ot-metadata": "1.8.1",
        "@ot-builder/prelude": "1.8.1",
        "@ot-builder/primitive": "1.8.1",
        "@ot-builder/var-store": "1.8.1",
        "@ot-builder/variance": "1.8.1",
        "tslib": "^2.8.1"
      }
    },
    "node_modules/@ot-builder/io-bin-name": {
      "version": "1.8.1",
      "resolved": "https://registry.npmjs.org/@ot-builder/io-bin-name/-/io-bin-name-1.8.1.tgz",
      "integrity": "sha512-shFOHB3MmzoDp+hMkLuCvQ87Lyo5S3pDIc+EGVOPtAqA+D9go+qyAvk0yGxQMSyt8e3eIdyb3XRdCu/Os6IpqA==",
      "dependencies": {
        "@ot-builder/bin-util": "1.8.1",
        "@ot-builder/common-impl": "1.8.1",
        "@ot-builder/errors": "1.8.1",
        "@ot-builder/io-bin-sfnt": "1.8.1",
        "@ot-builder/ot-glyphs": "1.8.1",
        "@ot-builder/ot-metadata": "1.8.1",
        "@ot-builder/ot-name": "1.8.1",
        "@ot-builder/ot-sfnt": "1.8.1",
        "@ot-builder/prelude": "1.8.1",
        "@ot-builder/primitive": "1.8.1",
        "iconv-lite": "^0.7.3",
        "tslib": "^2.8.1"
      }
    },
    "node_modules/@ot-builder/io-bin-sfnt": {
      "version": "1.8.1",
      "resolved": "https://registry.npmjs.org/@ot-builder/io-bin-sfnt/-/io-bin-sfnt-1.8.1.tgz",
      "integrity": "sha512-+rvAMsIva3DEYzM4C51rpYK09TLLqhtNQ7IKArB5bqt9pa5AqpI2ud24GF7aqVPpuSvfMqS9JAup44dHhSi0yQ==",
      "dependencies": {
        "@ot-builder/bin-util": "1.8.1",
        "@ot-builder/common-impl": "1.8.1",
        "@ot-builder/errors": "1.8.1",
        "@ot-builder/ot-sfnt": "1.8.1",
        "@ot-builder/prelude": "1.8.1",
        "@ot-builder/primitive": "1.8.1",
        "tslib": "^2.8.1"
      }
    },
    "node_modules/@ot-builder/io-bin-ttf": {
      "version": "1.9.1",
      "resolved": "https://registry.npmjs.org/@ot-builder/io-bin-ttf/-/io-bin-ttf-1.9.1.tgz",
      "integrity": "sha512-gPV7mkwSAF0tNsO1h4qmMR8ROuJQYcXacEBA8Q4FSxvVmw+c9gKZXzjmJN9S8OHa1L55f4P47C046MvPrTtzCA==",
      "dependencies": {
        "@ot-builder/bin-util": "1.8.1",
        "@ot-builder/common-impl": "1.8.1",
        "@ot-builder/errors": "1.8.1",
        "@ot-builder/ot-glyphs": "1.8.1",
        "@ot-builder/ot-metadata": "1.8.1",
        "@ot-builder/prelude": "1.8.1",
        "@ot-builder/primitive": "1.8.1",
        "@ot-builder/stat-glyphs": "1.8.1",
        "@ot-builder/var-store": "1.8.1",
        "@ot-builder/variance": "1.8.1",
        "tslib": "^2.8.1"
      }
    },
    "node_modules/@ot-builder/io-bin-vtt-private": {
      "version": "1.8.1",
      "resolved": "https://registry.npmjs.org/@ot-builder/io-bin-vtt-private/-/io-bin-vtt-private-1.8.1.tgz",
      "integrity": "sha512-i6WuKKERvV24NLVblxNZQogiIubJgXBiRunwq6v8yorWnnpVi+d/ciwjvGI0hoOiBFGVgMMVZ4JL8IJut7Tpyg==",
      "dependencies": {
        "@ot-builder/bin-util": "1.8.1",
        "@ot-builder/errors": "1.8.1",
        "@ot-builder/io-bin-sfnt": "1.8.1",
        "@ot-builder/io-bin-ttf": "1.9.1",
        "@ot-builder/ot-glyphs": "1.8.1",
        "@ot-builder/ot-metadata": "1.8.1",
        "@ot-builder/ot-sfnt": "1.8.1",
        "@ot-builder/ot-vtt-private": "1.8.1",
        "@ot-builder/prelude": "1.8.1",
        "@ot-builder/primitive": "1.8.1",
        "@ot-builder/variance": "1.8.1",
        "iconv-lite": "^0.7.3",
        "tslib": "^2.8.1"
      }
    },
    "node_modules/@ot-builder/ot": {
      "version": "1.8.1",
      "resolved": "https://registry.npmjs.org/@ot-builder/ot/-/ot-1.8.1.tgz",
      "integrity": "sha512-fHEVxoGXYofGx2DGsDl/nB/FNmZALPkl37A/nmgUlETKqwB7x6y+3SD2eyMLjyOLDsSFghSrMqeWudavPO2bHg==",
      "dependencies": {
        "@ot-builder/common-impl": "1.8.1",
        "@ot-builder/ot-encoding": "1.8.1",
        "@ot-builder/ot-ext-private": "1.8.1",
        "@ot-builder/ot-glyphs": "1.8.1",
        "@ot-builder/ot-layout": "1.8.1",
        "@ot-builder/ot-metadata": "1.8.1",
        "@ot-builder/ot-name": "1.8.1",
        "@ot-builder/ot-sfnt": "1.8.1",
        "@ot-builder/ot-standard-glyph-namer": "1.8.1",
        "@ot-builder/ot-vtt-private": "1.8.1",
        "@ot-builder/prelude": "1.8.1",
        "@ot-builder/variance": "1.8.1",
        "tslib": "^2.8.1"
      }
    },
    "node_modules/@ot-builder/ot-encoding": {
      "version": "1.8.1",
      "resolved": "https://registry.npmjs.org/@ot-builder/ot-encoding/-/ot-encoding-1.8.1.tgz",
      "integrity": "sha512-t64Li5YcXFe9jP3XTXHDDfvHI+oOa/sQDVNJi/IhB9JMf2rkyhCOSeOtok5ZO6gaIceyBBxU631rWjDzEYc4xQ==",
      "dependencies": {
        "@ot-builder/ot-glyphs": "1.8.1",
        "@ot-builder/prelude": "1.8.1",
        "tslib": "^2.8.1"
      }
    },
    "node_modules/@ot-builder/ot-ext-private": {
      "version": "1.8.1",
      "resolved": "https://registry.npmjs.org/@ot-builder/ot-ext-private/-/ot-ext-private-1.8.1.tgz",
      "integrity": "sha512-FKJ2vrkhAluRBfLJOOUhe8NdOTsU4mreipg0ISfZrSCtPEwSGYmv3bgvABpXNo+aDgMTXdNSwgJQAI3srvEpYQ==",
      "dependencies": {
        "@ot-builder/ot-glyphs": "1.8.1",
        "@ot-builder/prelude": "1.8.1",
        "tslib": "^2.8.1"
      }
    },
    "node_modules/@ot-builder/ot-glyphs": {
      "version": "1.8.1",
      "resolved": "https://registry.npmjs.org/@ot-builder/ot-glyphs/-/ot-glyphs-1.8.1.tgz",
      "integrity": "sha512-cPZ47IhUbgTmRbHz6TyeHK5UKu8HhIIifXKrKEdsAP0p/9zipkViPsDkk6JHs8W/ZAkBXypJ9jp229R0wFd6ag==",
      "dependencies": {
        "@ot-builder/common-impl": "1.8.1",
        "@ot-builder/prelude": "1.8.1",
        "@ot-builder/primitive": "1.8.1",
        "@ot-builder/variance": "1.8.1",
        "tslib": "^2.8.1"
      }
    },
    "node_modules/@ot-builder/ot-layout": {
      "version": "1.8.1",
      "resolved": "https://registry.npmjs.org/@ot-builder/ot-layout/-/ot-layout-1.8.1.tgz",
      "integrity": "sha512-o9upcUNOwyt4FLba8gYR1yLdK1JQnx9z8C3G/T5f9qRb1ncWuyRXo3rITvKDXz2seRdaGagtQbdEldBLXZ0N5A==",
      "dependencies": {
        "@ot-builder/ot-glyphs": "1.8.1",
        "@ot-builder/prelude": "1.8.1",
        "@ot-builder/primitive": "1.8.1",
        "@ot-builder/variance": "1.8.1",
        "tslib": "^2.8.1"
      }
    },
    "node_modules/@ot-builder/ot-metadata": {
      "version": "1.8.1",
      "resolved": "https://registry.npmjs.org/@ot-builder/ot-metadata/-/ot-metadata-1.8.1.tgz",
      "integrity": "sha512-y53Xmo7LZUmxR5IQsu1HF8LzZ8chRhuQy6Noo8Lx0frXsR3BCWB2i8zcubz2tjebNx3wiigypS4x/8Xf3luwrA==",
      "dependencies": {
        "@ot-builder/common-impl": "1.8.1",
        "@ot-builder/prelude": "1.8.1",
        "@ot-builder/primitive": "1.8.1",
        "@ot-builder/variance": "1.8.1",
        "tslib": "^2.8.1"
      }
    },
    "node_modules/@ot-builder/ot-name": {
      "version": "1.8.1",
      "resolved": "https://registry.npmjs.org/@ot-builder/ot-name/-/ot-name-1.8.1.tgz",
      "integrity": "sha512-ToFlioY26w66AO4Kj7sLplwVFJcOH37J8hP6ZLQ7sy0zecudaj65JFOW8+JZwZ+a67jQzsXOrfKSa+7Ym+iIbA==",
      "dependencies": {
        "@ot-builder/prelude": "1.8.1",
        "@ot-builder/primitive": "1.8.1",
        "tslib": "^2.8.1"
      }
    },
    "node_modules/@ot-builder/ot-sfnt": {
      "version": "1.8.1",
      "resolved": "https://registry.npmjs.org/@ot-builder/ot-sfnt/-/ot-sfnt-1.8.1.tgz",
      "integrity": "sha512-TsXw4v17kpa3P4oW53dXXXlRL6Z3kTsSIHYkp7nrgq5NmWtQdDADzXASI/YEveBCtBwb7J87Mcb7yDqYhB66Zw==",
      "dependencies": {
        "@ot-builder/prelude": "1.8.1",
        "@ot-builder/primitive": "1.8.1",
        "tslib": "^2.8.1"
      }
    },
    "node_modules/@ot-builder/ot-standard-glyph-namer": {
      "version": "1.8.1",
      "resolved": "https://registry.npmjs.org/@ot-builder/ot-standard-glyph-namer/-/ot-standard-glyph-namer-1.8.1.tgz",
      "integrity": "sha512-y9lii0Oo0Bu5SfQQqhpbjlSPl99xpBt62/xRPsVlnUVctmwb6pUvsvF6CgEBPubDMUtPefyZ2/5cA0g/NQVz3A==",
      "dependencies": {
        "@ot-builder/ot-glyphs": "1.8.1",
        "@ot-builder/prelude": "1.8.1",
        "aglfn": "^1.0.2",
        "tslib": "^2.8.1"
      }
    },
    "node_modules/@ot-builder/ot-vtt-private": {
      "version": "1.8.1",
      "resolved": "https://registry.npmjs.org/@ot-builder/ot-vtt-private/-/ot-vtt-private-1.8.1.tgz",
      "integrity": "sha512-3SQnDbHZCsVoreZNAa8DkZDqpiwZUIQRIdr0LcC3fITv2TsWvDLVg4CjMwTvKxy+QMw83aCIqiYzKuZ0rCXNVA==",
      "dependencies": {
        "@ot-builder/ot-glyphs": "1.8.1",
        "@ot-builder/prelude": "1.8.1",
        "@ot-builder/variance": "1.8.1",
        "tslib": "^2.8.1"
      }
    },
    "node_modules/@ot-builder/prelude": {
      "version": "1.8.1",
      "resolved": "https://registry.npmjs.org/@ot-builder/prelude/-/prelude-1.8.1.tgz",
      "integrity": "sha512-fz7tee5OVQ3W19swlppERdzWlNdGpNqkpcuZwS+0QP+7K0MA7OK36YLyGZybLTwoHSsnb47CD1mh074sAFCWKA==",
      "dependencies": {
        "tslib": "^2.8.1"
      }
    },
    "node_modules/@ot-builder/primitive": {
      "version": "1.8.1",
      "resolved": "https://registry.npmjs.org/@ot-builder/primitive/-/primitive-1.8.1.tgz",
      "integrity": "sha512-kb/BOpJCwsuk9s/9+jIdAvkL/JSGDEJv20TeT3cZcvs/06oHch9/7KEM+vJvXf/sjn0cbXd/4EIupaZbRBHeyw==",
      "dependencies": {
        "@ot-builder/bin-util": "1.8.1",
        "@ot-builder/errors": "1.8.1",
        "@ot-builder/prelude": "1.8.1",
        "tslib": "^2.8.1"
      }
    },
    "node_modules/@ot-builder/rectify": {
      "version": "1.8.1",
      "resolved": "https://registry.npmjs.org/@ot-builder/rectify/-/rectify-1.8.1.tgz",
      "integrity": "sha512-Z5fwQ6cR5qDat5d8XajWzNIboCmF5/RqEdUJQMZ8FGwdWq6lGo+6uq/wl0L/9gXXp/3mdaQHWUKe4Jx47UyUuw==",
      "dependencies": {
        "@ot-builder/common-impl": "1.8.1",
        "@ot-builder/ot": "1.8.1",
        "@ot-builder/ot-glyphs": "1.8.1",
        "@ot-builder/ot-metadata": "1.8.1",
        "@ot-builder/prelude": "1.8.1",
        "@ot-builder/variance": "1.8.1",
        "tslib": "^2.8.1"
      }
    },
    "node_modules/@ot-builder/stat-glyphs": {
      "version": "1.8.1",
      "resolved": "https://registry.npmjs.org/@ot-builder/stat-glyphs/-/stat-glyphs-1.8.1.tgz",
      "integrity": "sha512-gBaxCVRHxgzurIM3yggmrCXwwT/MK6oRjNjWMmgVvzdvrYHNXtamJwYWdLtYhhjG9y9iBZzvqjz3GBfrGV92rg==",
      "dependencies": {
        "@ot-builder/bin-composite-types": "1.8.1",
        "@ot-builder/common-impl": "1.8.1",
        "@ot-builder/ot-glyphs": "1.8.1",
        "@ot-builder/ot-metadata": "1.8.1",
        "@ot-builder/prelude": "1.8.1",
        "@ot-builder/primitive": "1.8.1",
        "@ot-builder/variance": "1.8.1",
        "tslib": "^2.8.1"
      }
    },
    "node_modules/@ot-builder/trace": {
      "version": "1.8.1",
      "resolved": "https://registry.npmjs.org/@ot-builder/trace/-/trace-1.8.1.tgz",
      "integrity": "sha512-u+/Z2ry2lFIk+BlcqUe8z6ogqfh9cXA+1upu5yGYhEUDWvWqfKZphFiaDe3PkBJSrMyUE/WYox7J2t1XFTh7VQ==",
      "dependencies": {
        "@ot-builder/common-impl": "1.8.1",
        "@ot-builder/ot": "1.8.1",
        "@ot-builder/ot-glyphs": "1.8.1",
        "@ot-builder/ot-metadata": "1.8.1",
        "@ot-builder/prelude": "1.8.1",
        "@ot-builder/variance": "1.8.1",
        "tslib": "^2.8.1"
      }
    },
    "node_modules/@ot-builder/var-store": {
      "version": "1.8.1",
      "resolved": "https://registry.npmjs.org/@ot-builder/var-store/-/var-store-1.8.1.tgz",
      "integrity": "sha512-d7p4GXIz2gY/JI8U/4D4hmvo/6mCQv/iIC4PSnmryD1GJmdKrBkKusogcc5vCwIZjc5rWWyt0wWQBt0IgrpbVQ==",
      "dependencies": {
        "@ot-builder/bin-composite-types": "1.8.1",
        "@ot-builder/bin-util": "1.8.1",
        "@ot-builder/common-impl": "1.8.1",
        "@ot-builder/errors": "1.8.1",
        "@ot-builder/prelude": "1.8.1",
        "@ot-builder/primitive": "1.8.1",
        "@ot-builder/variance": "1.8.1",
        "tslib": "^2.8.1"
      }
    },
    "node_modules/@ot-builder/variance": {
      "version": "1.8.1",
      "resolved": "https://registry.npmjs.org/@ot-builder/variance/-/variance-1.8.1.tgz",
      "integrity": "sha512-aMXPcffAxr18OIHTqRDvcuPQmhU/UsaYR6kod4LtcK/WGygVjPafw1hF5SJc3lVF7NdMxWjcylibHCOGErkHUw==",
      "dependencies": {
        "@ot-builder/bin-composite-types": "1.8.1",
        "@ot-builder/common-impl": "1.8.1",
        "@ot-builder/prelude": "1.8.1",
        "@ot-builder/primitive": "1.8.1",
        "tslib": "^2.8.1"
      }
    },
    "node_modules/aglfn": {
      "version": "1.0.2",
      "resolved": "https://registry.npmjs.org/aglfn/-/aglfn-1.0.2.tgz",
      "integrity": "sha512-HUvXd7sNFa1aHtYgJnln2jPwzq7UAAOXhYH/+AY6BMdfXxprMxG8IrczlZn6MjjIWpYhpKR5mHwDWTgehZKO4g=="
    },
    "node_modules/iconv-lite": {
      "version": "0.7.3",
      "resolved": "https://registry.npmjs.org/iconv-lite/-/iconv-lite-0.7.3.tgz",
      "integrity": "sha512-IKXpvIzjnC9XTAUbVBcMfGS0EPaIXtW6v+zr+RRp+hqULEpo0owZax6wyRwPOJbWbzjYspQwusTsfVr0ifh4uQ==",
      "dependencies": {
        "safer-buffer": ">= 2.1.2 < 3.0.0"
      },
      "engines": {
        "node": ">=0.10.0"
      },
      "funding": {
        "type": "opencollective",
        "url": "https://opencollective.com/express"
      }
    },
    "node_modules/ot-builder": {
      "version": "1.8.1",
      "resolved": "https://registry.npmjs.org/ot-builder/-/ot-builder-1.8.1.tgz",
      "integrity": "sha512-csea6EsPzMEjCXuOPBVa6PZhUNmS0wOHgVA8PluGLxL/JeqkF3ChrMPCvilHAT5Gaq8NQ/iavzQ/hf2NAYepvQ==",
      "dependencies": {
        "@ot-builder/cli-proc": "1.8.1",
        "@ot-builder/io-bin-font": "1.8.1",
        "@ot-builder/ot": "1.8.1",
        "@ot-builder/prelude": "1.8.1",
        "@ot-builder/primitive": "1.8.1",
        "@ot-builder/rectify": "1.8.1",
        "@ot-builder/trace": "1.8.1",
        "tslib": "^2.8.1"
      }
    },
    "node_modules/otb-ttc-bundle": {
      "version": "1.8.1",
      "resolved": "https://registry.npmjs.org/otb-ttc-bundle/-/otb-ttc-bundle-1.8.1.tgz",
      "integrity": "sha512-Lp1nM0pyzzHuiQOK0M46ua+z+nAJ0+SFcurzQdYMhjLh5GM+XGtYzixzu/SJuFxf7GZnfPacUxdJeHQb79vjeg==",
      "dependencies": {
        "@ot-builder/cli-help-shower": "1.8.1",
        "@ot-builder/cli-shared": "1.8.1",
        "ot-builder": "1.8.1",
        "tslib": "^2.8.1"
      },
      "bin": {
        "otb-ttc-bundle": "bin/otb-ttc-bundle"
      }
    },
    "node_modules/picocolors": {
      "version": "1.1.1",
      "resolved": "https://registry.npmjs.org/picocolors/-/picocolors-1.1.1.tgz",
      "integrity": "sha512-xceH2snhtb5M9liqDsmEw56le376mTZkEX/jEb/RxNFyegNul7eNslCXP9FDj/Lcu0X8KEyMceP2ntpaHrDEVA=="
    },
    "node_modules/safer-buffer": {
      "version": "2.1.2",
      "resolved": "https://registry.npmjs.org/safer-buffer/-/safer-buffer-2.1.2.tgz",
      "integrity": "sha512-YZo3K82SD7Riyi0E1EQPojLz7kpepnSQI9IyPbHHg1XXXevb5dJI7tpyN2ADxGcQbHG7vcyRHk0cbwqcQriUtg=="
    },
    "node_modules/tslib": {
      "version": "2.8.1",
      "resolved": "https://registry.npmjs.org/tslib/-/tslib-2.8.1.tgz",
      "integrity": "sha512-oJFu94HQb+KVduSUQL7wnpmqnfmLsOA/nAh6b6EH0wCEoK0/mPeXU6c3wKDV83MkOuHPRHtSXKKU99IBazS/2w=="
    }
  }
}
