{
  "_comment": "Generated by fetch_sources.py. Keys are paths relative to the repository root. Run 'python3 fetch_sources.py --update-lock' after changing PLEX_COMMIT.",
  "plex_commit": "bf260093582f04622aacc1e9f9ca604d7ccd0c42",
  "files": {
    "source/IBM-Plex-Sans-JP/unhinted/IBMPlexSansJP-Bold.ttf": "070c08915b21a9484e31a73594e4aae69991e4477959a96a6ab4031f4e30ec9f",
    "source/IBM-Plex-Sans-JP/unhinted/IBMPlexSansJP-ExtraLight.ttf": "40ed45b01a733c0c797017a9b5498a4a4d05cdb3beb09eb78010dc7d74a1555f",
    "source/IBM-Plex-Sans-JP/unhinted/IBMPlexSansJP-Light.ttf": "6d265357c213600e1f129b5662d474b266a163564205cbdb8e0bb9b0fc2b5c70",
    "source/IBM-Plex-Sans-JP/unhinted/IBMPlexSansJP-Medium.ttf": "ed9257c94b0a540bac56a0faa70ec554b18ea7271fa4f0d33512583dd4bf9c0c",
    "source/IBM-Plex-Sans-JP/unhinted/IBMPlexSansJP-Regular.ttf": "0168493ae143d16e4c0d374c090b1ee5eab9ee475536d2e429368dbcfc4a6abe",
    "source/IBM-Plex-Sans-JP/unhinted/IBMPlexSansJP-SemiBold.ttf": "3ae17af73062926b013afdec8949923a8adfd4ec8c4f689876c0a359e63e4ceb",
    "source/IBM-Plex-Sans-JP/unhinted/IBMPlexSansJP-Text.ttf": "34d906500faca7a7995eddc5171ef2b04813bc809b7125d8525ca54ea2a5cb60",
    "source/IBM-Plex-Sans-JP/unhinted/IBMPlexSansJP-Thin.ttf": "aa28c0a68a8040c7082a85d34b1fef0e31d726cfc904db1ac542b349797a71e9",
    "source/IBM-Plex-Sans-KR/unhinted/IBMPlexSansKR-Bold.ttf": "bbb3bfaf5fb2ca4114d5f12ed52baf17ced45230c9736538fd630dcaf69bfcc9",
    "source/IBM-Plex-Sans-KR/unhinted/IBMPlexSansKR-ExtraLight.ttf": "3a12592023a71a3af64c0dee2d070633b9e6e5c9d0fc0751c7faef056709dd3f",
    "source/IBM-Plex-Sans-KR/unhinted/IBMPlexSansKR-Light.ttf": "968fb1aca77409b8b6e87df2baa68d16bee96c495d923637065902495a7f1248",
    "source/IBM-Plex-Sans-KR/unhinted/IBMPlexSansKR-Medium.ttf": "284c2b2c470791f3eaf6fd3c93f1aa95d5bd4bb42a14b9754375d839a91d8a50",
    "source/IBM-Plex-Sans-KR/unhinted/IBMPlexSansKR-Regular.ttf": "9b9a2fd392af19b1bd6535fb506e4f4a80bfc23f5421b1772983502394ade125",
    "source/IBM-Plex-Sans-KR/unhinted/IBMPlexSansKR-SemiBold.ttf": "c957e30a0744bd98d1f7e8c19ee7fcd3740ab59a92e4d9b8168a82eda91d25ea",
    "source/IBM-Plex-Sans-KR/unhinted/IBMPlexSansKR-Text.ttf": "30896c61a122d65e51edbcca895c8041cbeda961f034a2ed90af90d2ba28fbb1",
    "source/IBM-Plex-Sans-KR/unhinted/IBMPlexSansKR-Thin.ttf": "9d876b4ef6f13f087d863114c8910f33f5219ea6134e9e50834a02fe33b3e9a7",
    "source/IBM-Plex-Sans-SC/unhinted/IBMPlexSansSC-Bold.ttf": "69cbafb94234ac6716c3aa8d3d4d3308fb63f4e8ba9dac2418caed5ea83ac6fa",
    "source/IBM-Plex-Sans-SC/unhinted/IBMPlexSansSC-ExtraLight.ttf": "bd11066d0a8f6c905447e0982741a4c68392b03eb201aedc630ed93b3e731b6c",
    "source/IBM-Plex-Sans-SC/unhinted/IBMPlexSansSC-Light.ttf": "19f3890e1ad75f6d2d306506bbf19da552d171dd9c78263b333753390183e5af",
    "source/IBM-Plex-Sans-SC/unhinted/IBMPlexSansSC-Medium.ttf": "f0ad0657dbe52d6524027be62f07a2de767742cd8cab28e82c672ba206342bdb",
    "source/IBM-Plex-Sans-SC/unhinted/IBMPlexSansSC-Regular.ttf": "0b8b5c398c3198ec8932f3d3eb5eea0b3e7ff4f6cb5b84fcde180ad890094d5e",
    "source/IBM-Plex-Sans-SC/unhinted/IBMPlexSansSC-SemiBold.ttf": "a785ab071ae8d75865c8aa9adc74fe6e5af67a9ba7cff76ca533dafba8cb7b2d",
    "source/IBM-Plex-Sans-SC/unhinted/IBMPlexSansSC-Text.ttf": "34fa9d2e0d11cd80b23f00906e1d35bc8a6911aeffb81dec8ecf6a89e2c555ae",
    "source/IBM-Plex-Sans-SC/unhinted/IBMPlexSansSC-Thin.ttf": "5677fe86a25d03fdb643ba512eb7a7fcbf0bbecd7f4af8a73010f80da7273a55",
    "source/IBM-Plex-Sans-TC/unhinted/IBMPlexSansTC-Bold.ttf": "eb1f3d7a98e408a76f70bfa885595d017eb9a60085d16aa978cda87d557fb33c",
    "source/IBM-Plex-Sans-TC/unhinted/IBMPlexSansTC-ExtraLight.ttf": "ae9f1edc9c1323ff15e2c16b938d9372ef14b57dbcb0576ecaab5a5e4953fd02",
    "source/IBM-Plex-Sans-TC/unhinted/IBMPlexSansTC-Light.ttf": "02647842fca32713136597105e02a627b9f6f136dd28f8b668013b005552ebbd",
    "source/IBM-Plex-Sans-TC/unhinted/IBMPlexSansTC-Medium.ttf": "6a74031e333349062e2d5259ad53ebaf2eaf765f16099c4d251f4e2810a6de17",
    "source/IBM-Plex-Sans-TC/unhinted/IBMPlexSansTC-Regular.ttf": "a411899a70de84a29b726c9abf7d34166d5a49f4807abc7aabbb037c2fc19451",
    "source/IBM-Plex-Sans-TC/unhinted/IBMPlexSansTC-SemiBold.ttf": "6f0b3cd3e45710fcd43f229cb5a3180637ce524a3f294766e46122fdc6dba729",
    "source/IBM-Plex-Sans-TC/unhinted/IBMPlexSansTC-Text.ttf": "a0dee1bb30d1609031cab10fda737ac8629e8ac19d4f5b40869ffbd61899c32d",
    "source/IBM-Plex-Sans-TC/unhinted/IBMPlexSansTC-Thin.ttf": "926c53b660543b40a51653522b6b10fbcf07497d610760ec3da8bb10fdcbc72c"
  },
  "sc_master_source": {
    "tag": "@ibm/plex-sans-sc@1.1.0",
    "asset": "sources.zip",
    "url": "https://github.com/IBM/plex/releases/download/%40ibm/plex-sans-sc%401.1.0/sources.zip",
    "size": "186169692",
    "sha256": "136363a1fa695df192fe05a6b6527ae61dbae8ccc311920e5fe96cb4f73a0ea7",
    "path": "source/ibm-plex-sans-sc-sources.zip",
    "master": "sources/masters/IBM Plex Sans SC.glyphs"
  }
}
